
Microsoft Visual Studio Solution File, Format Version 12.00
# Visual Studio Version 17
VisualStudioVersion = 17.11.35312.102
MinimumVisualStudioVersion = 10.0.40219.1
Project("{FAE04EC0-301F-11D3-BF4B-00C04F79EFBC}") = "SimpleSmallProjectUpgrade2", "SimpleSmallProjectUpgrade2\SimpleSmallProjectUpgrade2.csproj", "{864A01F2-C49D-464C-9095-9C5CA7DAFFB1}"
EndProject
Project("{FAE04EC0-301F-11D3-BF4B-00C04F79EFBC}") = "LegacyLibrary", "LegacyLibrary\LegacyLibrary.csproj", "{DBBFFE59-3492-4218-ABF6-C1E36D13DD17}"
EndProject
Global
	GlobalSection(SolutionConfigurationPlatforms) = preSolution
		Debug|Any CPU = Debug|Any CPU
		Release|Any CPU = Release|Any CPU
	EndGlobalSection
	GlobalSection(ProjectConfigurationPlatforms) = postSolution
		{864A01F2-C49D-464C-9095-9C5CA7DAFFB1}.Debug|Any CPU.ActiveCfg = Debug|Any CPU
		{864A01F2-C49D-464C-9095-9C5CA7DAFFB1}.Debug|Any CPU.Build.0 = Debug|Any CPU
		{864A01F2-C49D-464C-9095-9C5CA7DAFFB1}.Release|Any CPU.ActiveCfg = Release|Any CPU
		{864A01F2-C49D-464C-9095-9C5CA7DAFFB1}.Release|Any CPU.Build.0 = Release|Any CPU
		{DBBFFE59-3492-4218-ABF6-C1E36D13DD17}.Debug|Any CPU.ActiveCfg = Debug|Any CPU
		{DBBFFE59-3492-4218-ABF6-C1E36D13DD17}.Debug|Any CPU.Build.0 = Debug|Any CPU
		{DBBFFE59-3492-4218-ABF6-C1E36D13DD17}.Release|Any CPU.ActiveCfg = Release|Any CPU
		{DBBFFE59-3492-4218-ABF6-C1E36D13DD17}.Release|Any CPU.Build.0 = Release|Any CPU
	EndGlobalSection
	GlobalSection(SolutionProperties) = preSolution
		HideSolutionNode = FALSE
	EndGlobalSection
	GlobalSection(ExtensibilityGlobals) = postSolution
		SolutionGuid = {7461D763-1AFE-4C72-AFF2-5CDAFF6D4812}
	EndGlobalSection
EndGlobal
